
Microsoft Visual Studio Solution File, Format Version 12.00
# Visual Studio 15
VisualStudioVersion = 15.0.28307.438
MinimumVisualStudioVersion = 10.0.40219.1
Project("{FAE04EC0-301F-11D3-BF4B-00C04F79EFBC}") = "StudentLib", "StudentLib\StudentLib.csproj", "{7EFC1E15-7ABB-4BA9-B819-1C8CA318BA4D}"
EndProject
Project("{FAE04EC0-301F-11D3-BF4B-00C04F79EFBC}") = "CityEditor", "CityEditor\CityEditor.csproj", "{BB6AD75F-A53F-40AB-BCCC-75CA1B74B91F}"
EndProject
Project("{FAE04EC0-301F-11D3-BF4B-00C04F79EFBC}") = "StudentSim", "StudentSim\StudentSim.csproj", "{3F19433D-7D09-4440-8177-3806B50ACA60}"
EndProject
Global
	GlobalSection(SolutionConfigurationPlatforms) = preSolution
		Debug|Any CPU = Debug|Any CPU
		Release|Any CPU = Release|Any CPU
	EndGlobalSection
	GlobalSection(ProjectConfigurationPlatforms) = postSolution
		{7EFC1E15-7ABB-4BA9-B819-1C8CA318BA4D}.Debug|Any CPU.ActiveCfg = Debug|Any CPU
		{7EFC1E15-7ABB-4BA9-B819-1C8CA318BA4D}.Debug|Any CPU.Build.0 = Debug|Any CPU
		{7EFC1E15-7ABB-4BA9-B819-1C8CA318BA4D}.Release|Any CPU.ActiveCfg = Release|Any CPU
		{7EFC1E15-7ABB-4BA9-B819-1C8CA318BA4D}.Release|Any CPU.Build.0 = Release|Any CPU
		{BB6AD75F-A53F-40AB-BCCC-75CA1B74B91F}.Debug|Any CPU.ActiveCfg = Debug|Any CPU
		{BB6AD75F-A53F-40AB-BCCC-75CA1B74B91F}.Debug|Any CPU.Build.0 = Debug|Any CPU
		{BB6AD75F-A53F-40AB-BCCC-75CA1B74B91F}.Release|Any CPU.ActiveCfg = Release|Any CPU
		{BB6AD75F-A53F-40AB-BCCC-75CA1B74B91F}.Release|Any CPU.Build.0 = Release|Any CPU
		{3F19433D-7D09-4440-8177-3806B50ACA60}.Debug|Any CPU.ActiveCfg = Debug|Any CPU
		{3F19433D-7D09-4440-8177-3806B50ACA60}.Debug|Any CPU.Build.0 = Debug|Any CPU
		{3F19433D-7D09-4440-8177-3806B50ACA60}.Release|Any CPU.ActiveCfg = Release|Any CPU
		{3F19433D-7D09-4440-8177-3806B50ACA60}.Release|Any CPU.Build.0 = Release|Any CPU
	EndGlobalSection
	GlobalSection(SolutionProperties) = preSolution
		HideSolutionNode = FALSE
	EndGlobalSection
	GlobalSection(ExtensibilityGlobals) = postSolution
		SolutionGuid = {5E89A787-634B-468D-B6DF-E47E2026C47D}
	EndGlobalSection
EndGlobal
